// !$*UTF8*$!
{
	archiveVersion = 1;
	classes = {
	};
	objectVersion = 50;
	objects = {

/* Begin PBXBuildFile section */
		642CEF58FBF2DD2D99A7F027 /* Pods_TestUITests.framework in Frameworks */ = {isa = PBXBuildFile; fileRef = B2A6275767C532F04CE92D05 /* Pods_TestUITests.framework */; };
		D00CD3C320E1B370194E9629 /* Pods_TestTests.framework in Frameworks */ = {isa = PBXBuildFile; fileRef = C1498FFC283D6EFB60FC7455 /* Pods_TestTests.framework */; };
		D02925ECA837F03636CB9DE4 /* Pods_Test.framework in Frameworks */ = {isa = PBXBuildFile; fileRef = 9139E76595CA0FFACF283EBA /* Pods_Test.framework */; };
		F574A8B1228B259300E774DC /* AppDelegate.swift in Sources */ = {isa = PBXBuildFile; fileRef = F574A8B0228B259300E774DC /* AppDelegate.swift */; };
		F574A8B3228B259300E774DC /* ViewController.swift in Sources */ = {isa = PBXBuildFile; fileRef = F574A8B2228B259300E774DC /* ViewController.swift */; };
		F574A8B6228B259300E774DC /* Main.storyboard in Resources */ = {isa = PBXBuildFile; fileRef = F574A8B4228B259300E774DC /* Main.storyboard */; };
		F574A8B8228B259700E774DC /* Assets.xcassets in Resources */ = {isa = PBXBuildFile; fileRef = F574A8B7228B259700E774DC /* Assets.xcassets */; };
		F574A8BB228B259700E774DC /* LaunchScreen.storyboard in Resources */ = {isa = PBXBuildFile; fileRef = F574A8B9228B259700E774DC /* LaunchScreen.storyboard */; };
		F574A8C6228B259700E774DC /* TestTests.swift in Sources */ = {isa = PBXBuildFile; fileRef = F574A8C5228B259700E774DC /* TestTests.swift */; };
		F574A8D1228B259700E774DC /* TestUITests.swift in Sources */ = {isa = PBXBuildFile; fileRef = F574A8D0228B259700E774DC /* TestUITests.swift */; };
		F5770CE6228B3AC60022AF16 /* SCSDKCoreKit.framework in Frameworks */ = {isa = PBXBuildFile; fileRef = F5770CE5228B3AC60022AF16 /* SCSDKCoreKit.framework */; };
		F5770CE9228B3ADC0022AF16 /* SCSDKCreativeKit.framework in Frameworks */ = {isa = PBXBuildFile; fileRef = F5770CE7228B3ACF0022AF16 /* SCSDKCreativeKit.framework */; };
		F5770CEA228B3ADC0022AF16 /* SCSDKCreativeKit.framework in Embed Frameworks */ = {isa = PBXBuildFile; fileRef = F5770CE7228B3ACF0022AF16 /* SCSDKCreativeKit.framework */; settings = {ATTRIBUTES = (CodeSignOnCopy, RemoveHeadersOnCopy, ); }; };
		F5770CEC228B3ADC0022AF16 /* SCSDKCoreKit.framework in Embed Frameworks */ = {isa = PBXBuildFile; fileRef = F5770CE5228B3AC60022AF16 /* SCSDKCoreKit.framework */; settings = {ATTRIBUTES = (CodeSignOnCopy, RemoveHeadersOnCopy, ); }; };
/* End PBXBuildFile section */

/* Begin PBXContainerItemProxy section */
		F574A8C2228B259700E774DC /* PBXContainerItemProxy */ = {
			isa = PBXContainerItemProxy;
			containerPortal = F574A8A5228B259300E774DC /* Project object */;
			proxyType = 1;
			remoteGlobalIDString = F574A8AC228B259300E774DC;
			remoteInfo = Test;
		};
		F574A8CD228B259700E774DC /* PBXContainerItemProxy */ = {
			isa = PBXContainerItemProxy;
			containerPortal = F574A8A5228B259300E774DC /* Project object */;
			proxyType = 1;
			remoteGlobalIDString = F574A8AC228B259300E774DC;
			remoteInfo = Test;
		};
/* End PBXContainerItemProxy section */

/* Begin PBXCopyFilesBuildPhase section */
		F5770CED228B3ADC0022AF16 /* Embed Frameworks */ = {
			isa = PBXCopyFilesBuildPhase;
			buildActionMask = 2147483647;
			dstPath = "";
			dstSubfolderSpec = 10;
			files = (
				F5770CEA228B3ADC0022AF16 /* SCSDKCreativeKit.framework in Embed Frameworks */,
				F5770CEC228B3ADC0022AF16 /* SCSDKCoreKit.framework in Embed Frameworks */,
			);
			name = "Embed Frameworks";
			runOnlyForDeploymentPostprocessing = 0;
		};
/* End PBXCopyFilesBuildPhase section */

/* Begin PBXFileReference section */
		114897A48420D1B66C4577D6 /* Pods-TestTests.release.xcconfig */ = {isa = PBXFileReference; includeInIndex = 1; lastKnownFileType = text.xcconfig; name = "Pods-TestTests.release.xcconfig"; path = "Target Support Files/Pods-TestTests/Pods-TestTests.release.xcconfig"; sourceTree = "<group>"; };
		4822A4A77DEF24A4A19846F8 /* Pods-TestTests.debug.xcconfig */ = {isa = PBXFileReference; includeInIndex = 1; lastKnownFileType = text.xcconfig; name = "Pods-TestTests.debug.xcconfig"; path = "Target Support Files/Pods-TestTests/Pods-TestTests.debug.xcconfig"; sourceTree = "<group>"; };
		83E4CB3323D3AA3F59B5EA59 /* Pods-Test.release.xcconfig */ = {isa = PBXFileReference; includeInIndex = 1; lastKnownFileType = text.xcconfig; name = "Pods-Test.release.xcconfig"; path = "Target Support Files/Pods-Test/Pods-Test.release.xcconfig"; sourceTree = "<group>"; };
		9139E76595CA0FFACF283EBA /* Pods_Test.framework */ = {isa = PBXFileReference; explicitFileType = wrapper.framework; includeInIndex = 0; path = Pods_Test.framework; sourceTree = BUILT_PRODUCTS_DIR; };
		95DF61B33EA3A0A5D3DF7AAD /* Pods-Test.debug.xcconfig */ = {isa = PBXFileReference; includeInIndex = 1; lastKnownFileType = text.xcconfig; name = "Pods-Test.debug.xcconfig"; path = "Target Support Files/Pods-Test/Pods-Test.debug.xcconfig"; sourceTree = "<group>"; };
		A170D5C188ACC0CE733685C3 /* Pods-TestUITests.release.xcconfig */ = {isa = PBXFileReference; includeInIndex = 1; lastKnownFileType = text.xcconfig; name = "Pods-TestUITests.release.xcconfig"; path = "Target Support Files/Pods-TestUITests/Pods-TestUITests.release.xcconfig"; sourceTree = "<group>"; };
		ACAAF150B41FDD31815A49F1 /* Pods-TestUITests.debug.xcconfig */ = {isa = PBXFileReference; includeInIndex = 1; lastKnownFileType = text.xcconfig; name = "Pods-TestUITests.debug.xcconfig"; path = "Target Support Files/Pods-TestUITests/Pods-TestUITests.debug.xcconfig"; sourceTree = "<group>"; };
		B2A6275767C532F04CE92D05 /* Pods_TestUITests.framework */ = {isa = PBXFileReference; explicitFileType = wrapper.framework; includeInIndex = 0; path = Pods_TestUITests.framework; sourceTree = BUILT_PRODUCTS_DIR; };
		C1498FFC283D6EFB60FC7455 /* Pods_TestTests.framework */ = {isa = PBXFileReference; explicitFileType = wrapper.framework; includeInIndex = 0; path = Pods_TestTests.framework; sourceTree = BUILT_PRODUCTS_DIR; };
		F574A8AD228B259300E774DC /* Test.app */ = {isa = PBXFileReference; explicitFileType = wrapper.application; includeInIndex = 0; path = Test.app; sourceTree = BUILT_PRODUCTS_DIR; };
		F574A8B0228B259300E774DC /* AppDelegate.swift */ = {isa = PBXFileReference; lastKnownFileType = sourcecode.swift; path = AppDelegate.swift; sourceTree = "<group>"; };
		F574A8B2228B259300E774DC /* ViewController.swift */ = {isa = PBXFileReference; lastKnownFileType = sourcecode.swift; path = ViewController.swift; sourceTree = "<group>"; };
		F574A8B5228B259300E774DC /* Base */ = {isa = PBXFileReference; lastKnownFileType = file.storyboard; name = Base; path = Base.lproj/Main.storyboard; sourceTree = "<group>"; };
		F574A8B7228B259700E774DC /* Assets.xcassets */ = {isa = PBXFileReference; lastKnownFileType = folder.assetcatalog; path = Assets.xcassets; sourceTree = "<group>"; };
		F574A8BA228B259700E774DC /* Base */ = {isa = PBXFileReference; lastKnownFileType = file.storyboard; name = Base; path = Base.lproj/LaunchScreen.storyboard; sourceTree = "<group>"; };
		F574A8BC228B259700E774DC /* Info.plist */ = {isa = PBXFileReference; lastKnownFileType = text.plist.xml; path = Info.plist; sourceTree = "<group>"; };
		F574A8C1228B259700E774DC /* TestTests.xctest */ = {isa = PBXFileReference; explicitFileType = wrapper.cfbundle; includeInIndex = 0; path = TestTests.xctest; sourceTree = BUILT_PRODUCTS_DIR; };
		F574A8C5228B259700E774DC /* TestTests.swift */ = {isa = PBXFileReference; lastKnownFileType = sourcecode.swift; path = TestTests.swift; sourceTree = "<group>"; };
		F574A8C7228B259700E774DC /* Info.plist */ = {isa = PBXFileReference; lastKnownFileType = text.plist.xml; path = Info.plist; sourceTree = "<group>"; };
		F574A8CC228B259700E774DC /* TestUITests.xctest */ = {isa = PBXFileReference; explicitFileType = wrapper.cfbundle; includeInIndex = 0; path = TestUITests.xctest; sourceTree = BUILT_PRODUCTS_DIR; };
		F574A8D0228B259700E774DC /* TestUITests.swift */ = {isa = PBXFileReference; lastKnownFileType = sourcecode.swift; path = TestUITests.swift; sourceTree = "<group>"; };
		F574A8D2228B259700E774DC /* Info.plist */ = {isa = PBXFileReference; lastKnownFileType = text.plist.xml; path = Info.plist; sourceTree = "<group>"; };
		F5770CE5228B3AC60022AF16 /* SCSDKCoreKit.framework */ = {isa = PBXFileReference; lastKnownFileType = wrapper.framework; name = SCSDKCoreKit.framework; path = Pods/SnapSDK/SCSDKCoreKit.framework; sourceTree = "<group>"; };
		F5770CE7228B3ACF0022AF16 /* SCSDKCreativeKit.framework */ = {isa = PBXFileReference; lastKnownFileType = wrapper.framework; name = SCSDKCreativeKit.framework; path = Pods/SnapSDK/SCSDKCreativeKit.framework; sourceTree = "<group>"; };
/* End PBXFileReference section */

/* Begin PBXFrameworksBuildPhase section */
		F574A8AA228B259300E774DC /* Frameworks */ = {
			isa = PBXFrameworksBuildPhase;
			buildActionMask = 2147483647;
			files = (
				D02925ECA837F03636CB9DE4 /* Pods_Test.framework in Frameworks */,
				F5770CE9228B3ADC0022AF16 /* SCSDKCreativeKit.framework in Frameworks */,
				F5770CE6228B3AC60022AF16 /* SCSDKCoreKit.framework in Frameworks */,
			);
			runOnlyForDeploymentPostprocessing = 0;
		};
		F574A8BE228B259700E774DC /* Frameworks */ = {
			isa = PBXFrameworksBuildPhase;
			buildActionMask = 2147483647;
			files = (
				D00CD3C320E1B370194E9629 /* Pods_TestTests.framework in Frameworks */,
			);
			runOnlyForDeploymentPostprocessing = 0;
		};
		F574A8C9228B259700E774DC /* Frameworks */ = {
			isa = PBXFrameworksBuildPhase;
			buildActionMask = 2147483647;
			files = (
				642CEF58FBF2DD2D99A7F027 /* Pods_TestUITests.framework in Frameworks */,
			);
			runOnlyForDeploymentPostprocessing = 0;
		};
/* End PBXFrameworksBuildPhase section */

/* Begin PBXGroup section */
		6E249B1138E11C4737377D60 /* Frameworks */ = {
			isa = PBXGroup;
			children = (
				F5770CE7228B3ACF0022AF16 /* SCSDKCreativeKit.framework */,
				F5770CE5228B3AC60022AF16 /* SCSDKCoreKit.framework */,
				9139E76595CA0FFACF283EBA /* Pods_Test.framework */,
				C1498FFC283D6EFB60FC7455 /* Pods_TestTests.framework */,
				B2A6275767C532F04CE92D05 /* Pods_TestUITests.framework */,
			);
			name = Frameworks;
			sourceTree = "<group>";
		};
		F12469DC1CB19A0FE8E632E7 /* Pods */ = {
			isa = PBXGroup;
			children = (
				95DF61B33EA3A0A5D3DF7AAD /* Pods-Test.debug.xcconfig */,
				83E4CB3323D3AA3F59B5EA59 /* Pods-Test.release.xcconfig */,
				4822A4A77DEF24A4A19846F8 /* Pods-TestTests.debug.xcconfig */,
				114897A48420D1B66C4577D6 /* Pods-TestTests.release.xcconfig */,
				ACAAF150B41FDD31815A49F1 /* Pods-TestUITests.debug.xcconfig */,
				A170D5C188ACC0CE733685C3 /* Pods-TestUITests.release.xcconfig */,
			);
			path = Pods;
			sourceTree = "<group>";
		};
		F574A8A4228B259300E774DC = {
			isa = PBXGroup;
			children = (
				F574A8AF228B259300E774DC /* Test */,
				F574A8C4228B259700E774DC /* TestTests */,
				F574A8CF228B259700E774DC /* TestUITests */,
				F574A8AE228B259300E774DC /* Products */,
				F12469DC1CB19A0FE8E632E7 /* Pods */,
				6E249B1138E11C4737377D60 /* Frameworks */,
			);
			sourceTree = "<group>";
		};
		F574A8AE228B259300E774DC /* Products */ = {
			isa = PBXGroup;
			children = (
				F574A8AD228B259300E774DC /* Test.app */,
				F574A8C1228B259700E774DC /* TestTests.xctest */,
				F574A8CC228B259700E774DC /* TestUITests.xctest */,
			);
			name = Products;
			sourceTree = "<group>";
		};
		F574A8AF228B259300E774DC /* Test */ = {
			isa = PBXGroup;
			children = (
				F574A8B0228B259300E774DC /* AppDelegate.swift */,
				F574A8B2228B259300E774DC /* ViewController.swift */,
				F574A8B4228B259300E774DC /* Main.storyboard */,
				F574A8B7228B259700E774DC /* Assets.xcassets */,
				F574A8B9228B259700E774DC /* LaunchScreen.storyboard */,
				F574A8BC228B259700E774DC /* Info.plist */,
			);
			path = Test;
			sourceTree = "<group>";
		};
		F574A8C4228B259700E774DC /* TestTests */ = {
			isa = PBXGroup;
			children = (
				F574A8C5228B259700E774DC /* TestTests.swift */,
				F574A8C7228B259700E774DC /* Info.plist */,
			);
			path = TestTests;
			sourceTree = "<group>";
		};
		F574A8CF228B259700E774DC /* TestUITests */ = {
			isa = PBXGroup;
			children = (
				F574A8D0228B259700E774DC /* TestUITests.swift */,
				F574A8D2228B259700E774DC /* Info.plist */,
			);
			path = TestUITests;
			sourceTree = "<group>";
		};
/* End PBXGroup section */

/* Begin PBXNativeTarget section */
		F574A8AC228B259300E774DC /* Test */ = {
			isa = PBXNativeTarget;
			buildConfigurationList = F574A8D5228B259700E774DC /* Build configuration list for PBXNativeTarget "Test" */;
			buildPhases = (
				30A0E27C125AB01B7B242DE2 /* [CP] Check Pods Manifest.lock */,
				F574A8A9228B259300E774DC /* Sources */,
				F574A8AA228B259300E774DC /* Frameworks */,
				F574A8AB228B259300E774DC /* Resources */,
				DB7AFC0ED901AAF4CCFECF8E /* [CP] Embed Pods Frameworks */,
				F5770CED228B3ADC0022AF16 /* Embed Frameworks */,
			);
			buildRules = (
			);
			dependencies = (
			);
			name = Test;
			productName = Test;
			productReference = F574A8AD228B259300E774DC /* Test.app */;
			productType = "com.apple.product-type.application";
		};
		F574A8C0228B259700E774DC /* TestTests */ = {
			isa = PBXNativeTarget;
			buildConfigurationList = F574A8D8228B259700E774DC /* Build configuration list for PBXNativeTarget "TestTests" */;
			buildPhases = (
				ADFFD6A717E505679EB29DB6 /* [CP] Check Pods Manifest.lock */,
				F574A8BD228B259700E774DC /* Sources */,
				F574A8BE228B259700E774DC /* Frameworks */,
				F574A8BF228B259700E774DC /* Resources */,
				B6D646BE60F20F21B395FF6F /* [CP] Embed Pods Frameworks */,
			);
			buildRules = (
			);
			dependencies = (
				F574A8C3228B259700E774DC /* PBXTargetDependency */,
			);
			name = TestTests;
			productName = TestTests;
			productReference = F574A8C1228B259700E774DC /* TestTests.xctest */;
			productType = "com.apple.product-type.bundle.unit-test";
		};
		F574A8CB228B259700E774DC /* TestUITests */ = {
			isa = PBXNativeTarget;
			buildConfigurationList = F574A8DB228B259700E774DC /* Build configuration list for PBXNativeTarget "TestUITests" */;
			buildPhases = (
				55F8A1C40AA16C11F272A130 /* [CP] Check Pods Manifest.lock */,
				F574A8C8228B259700E774DC /* Sources */,
				F574A8C9228B259700E774DC /* Frameworks */,
				F574A8CA228B259700E774DC /* Resources */,
			);
			buildRules = (
			);
			dependencies = (
				F574A8CE228B259700E774DC /* PBXTargetDependency */,
			);
			name = TestUITests;
			productName = TestUITests;
			productReference = F574A8CC228B259700E774DC /* TestUITests.xctest */;
			productType = "com.apple.product-type.bundle.ui-testing";
		};
/* End PBXNativeTarget section */

/* Begin PBXProject section */
		F574A8A5228B259300E774DC /* Project object */ = {
			isa = PBXProject;
			attributes = {
				LastSwiftUpdateCheck = 1020;
				LastUpgradeCheck = 1020;
				ORGANIZATIONNAME = "Emily Mattlin";
				TargetAttributes = {
					F574A8AC228B259300E774DC = {
						CreatedOnToolsVersion = 10.2.1;
					};
					F574A8C0228B259700E774DC = {
						CreatedOnToolsVersion = 10.2.1;
						TestTargetID = F574A8AC228B259300E774DC;
					};
					F574A8CB228B259700E774DC = {
						CreatedOnToolsVersion = 10.2.1;
						TestTargetID = F574A8AC228B259300E774DC;
					};
				};
			};
			buildConfigurationList = F574A8A8228B259300E774DC /* Build configuration list for PBXProject "Test" */;
			compatibilityVersion = "Xcode 9.3";
			developmentRegion = en;
			hasScannedForEncodings = 0;
			knownRegions = (
				en,
				Base,
			);
			mainGroup = F574A8A4228B259300E774DC;
			productRefGroup = F574A8AE228B259300E774DC /* Products */;
			projectDirPath = "";
			projectRoot = "";
			targets = (
				F574A8AC228B259300E774DC /* Test */,
				F574A8C0228B259700E774DC /* TestTests */,
				F574A8CB228B259700E774DC /* TestUITests */,
			);
		};
/* End PBXProject section */

/* Begin PBXResourcesBuildPhase section */
		F574A8AB228B259300E774DC /* Resources */ = {
			isa = PBXResourcesBuildPhase;
			buildActionMask = 2147483647;
			files = (
				F574A8BB228B259700E774DC /* LaunchScreen.storyboard in Resources */,
				F574A8B8228B259700E774DC /* Assets.xcassets in Resources */,
				F574A8B6228B259300E774DC /* Main.storyboard in Resources */,
			);
			runOnlyForDeploymentPostprocessing = 0;
		};
		F574A8BF228B259700E774DC /* Resources */ = {
			isa = PBXResourcesBuildPhase;
			buildActionMask = 2147483647;
			files = (
			);
			runOnlyForDeploymentPostprocessing = 0;
		};
		F574A8CA228B259700E774DC /* Resources */ = {
			isa = PBXResourcesBuildPhase;
			buildActionMask = 2147483647;
			files = (
			);
			runOnlyForDeploymentPostprocessing = 0;
		};
/* End PBXResourcesBuildPhase section */

/* Begin PBXShellScriptBuildPhase section */
		30A0E27C125AB01B7B242DE2 /* [CP] Check Pods Manifest.lock */ = {
			isa = PBXShellScriptBuildPhase;
			buildActionMask = 2147483647;
			files = (
			);
			inputFileListPaths = (
			);
			inputPaths = (
				"${PODS_PODFILE_DIR_PATH}/Podfile.lock",
				"${PODS_ROOT}/Manifest.lock",
			);
			name = "[CP] Check Pods Manifest.lock";
			outputFileListPaths = (
			);
			outputPaths = (
				"$(DERIVED_FILE_DIR)/Pods-Test-checkManifestLockResult.txt",
			);
			runOnlyForDeploymentPostprocessing = 0;
			shellPath = /bin/sh;
			shellScript = "diff \"${PODS_PODFILE_DIR_PATH}/Podfile.lock\" \"${PODS_ROOT}/Manifest.lock\" > /dev/null\nif [ $? != 0 ] ; then\n    # print error to STDERR\n    echo \"error: The sandbox is not in sync with the Podfile.lock. Run 'pod install' or update your CocoaPods installation.\" >&2\n    exit 1\nfi\n# This output is used by Xcode 'outputs' to avoid re-running this script phase.\necho \"SUCCESS\" > \"${SCRIPT_OUTPUT_FILE_0}\"\n";
			showEnvVarsInLog = 0;
		};
		55F8A1C40AA16C11F272A130 /* [CP] Check Pods Manifest.lock */ = {
			isa = PBXShellScriptBuildPhase;
			buildActionMask = 2147483647;
			files = (
			);
			inputFileListPaths = (
			);
			inputPaths = (
				"${PODS_PODFILE_DIR_PATH}/Podfile.lock",
				"${PODS_ROOT}/Manifest.lock",
			);
			name = "[CP] Check Pods Manifest.lock";
			outputFileListPaths = (
			);
			outputPaths = (
				"$(DERIVED_FILE_DIR)/Pods-TestUITests-checkManifestLockResult.txt",
			);
			runOnlyForDeploymentPostprocessing = 0;
			shellPath = /bin/sh;
			shellScript = "diff \"${PODS_PODFILE_DIR_PATH}/Podfile.lock\" \"${PODS_ROOT}/Manifest.lock\" > /dev/null\nif [ $? != 0 ] ; then\n    # print error to STDERR\n    echo \"error: The sandbox is not in sync with the Podfile.lock. Run 'pod install' or update your CocoaPods installation.\" >&2\n    exit 1\nfi\n# This output is used by Xcode 'outputs' to avoid re-running this script phase.\necho \"SUCCESS\" > \"${SCRIPT_OUTPUT_FILE_0}\"\n";
			showEnvVarsInLog = 0;
		};
		ADFFD6A717E505679EB29DB6 /* [CP] Check Pods Manifest.lock */ = {
			isa = PBXShellScriptBuildPhase;
			buildActionMask = 2147483647;
			files = (
			);
			inputFileListPaths = (
			);
			inputPaths = (
				"${PODS_PODFILE_DIR_PATH}/Podfile.lock",
				"${PODS_ROOT}/Manifest.lock",
			);
			name = "[CP] Check Pods Manifest.lock";
			outputFileListPaths = (
			);
			outputPaths = (
				"$(DERIVED_FILE_DIR)/Pods-TestTests-checkManifestLockResult.txt",
			);
			runOnlyForDeploymentPostprocessing = 0;
			shellPath = /bin/sh;
			shellScript = "diff \"${PODS_PODFILE_DIR_PATH}/Podfile.lock\" \"${PODS_ROOT}/Manifest.lock\" > /dev/null\nif [ $? != 0 ] ; then\n    # print error to STDERR\n    echo \"error: The sandbox is not in sync with the Podfile.lock. Run 'pod install' or update your CocoaPods installation.\" >&2\n    exit 1\nfi\n# This output is used by Xcode 'outputs' to avoid re-running this script phase.\necho \"SUCCESS\" > \"${SCRIPT_OUTPUT_FILE_0}\"\n";
			showEnvVarsInLog = 0;
		};
		B6D646BE60F20F21B395FF6F /* [CP] Embed Pods Frameworks */ = {
			isa = PBXShellScriptBuildPhase;
			buildActionMask = 2147483647;
			files = (
			);
			inputFileListPaths = (
			);
			inputPaths = (
				"${PODS_ROOT}/Target Support Files/Pods-TestTests/Pods-TestTests-frameworks.sh",
				"${BUILT_PRODUCTS_DIR}/PINCache/PINCache.framework",
				"${BUILT_PRODUCTS_DIR}/PINOperation/PINOperation.framework",
				"${PODS_ROOT}/SnapSDK/SCSDKCoreKit.framework",
				"${PODS_ROOT}/SnapSDK/SCSDKCreativeKit.framework",
			);
			name = "[CP] Embed Pods Frameworks";
			outputFileListPaths = (
			);
			outputPaths = (
				"${TARGET_BUILD_DIR}/${FRAMEWORKS_FOLDER_PATH}/PINCache.framework",
				"${TARGET_BUILD_DIR}/${FRAMEWORKS_FOLDER_PATH}/PINOperation.framework",
				"${TARGET_BUILD_DIR}/${FRAMEWORKS_FOLDER_PATH}/SCSDKCoreKit.framework",
				"${TARGET_BUILD_DIR}/${FRAMEWORKS_FOLDER_PATH}/SCSDKCreativeKit.framework",
			);
			runOnlyForDeploymentPostprocessing = 0;
			shellPath = /bin/sh;
			shellScript = "\"${PODS_ROOT}/Target Support Files/Pods-TestTests/Pods-TestTests-frameworks.sh\"\n";
			showEnvVarsInLog = 0;
		};
		DB7AFC0ED901AAF4CCFECF8E /* [CP] Embed Pods Frameworks */ = {
			isa = PBXShellScriptBuildPhase;
			buildActionMask = 2147483647;
			files = (
			);
			inputFileListPaths = (
			);
			inputPaths = (
				"${PODS_ROOT}/Target Support Files/Pods-Test/Pods-Test-frameworks.sh",
				"${BUILT_PRODUCTS_DIR}/PINCache/PINCache.framework",
				"${BUILT_PRODUCTS_DIR}/PINOperation/PINOperation.framework",
				"${PODS_ROOT}/SnapSDK/SCSDKCoreKit.framework",
				"${PODS_ROOT}/SnapSDK/SCSDKCreativeKit.framework",
			);
			name = "[CP] Embed Pods Frameworks";
			outputFileListPaths = (
			);
			outputPaths = (
				"${TARGET_BUILD_DIR}/${FRAMEWORKS_FOLDER_PATH}/PINCache.framework",
				"${TARGET_BUILD_DIR}/${FRAMEWORKS_FOLDER_PATH}/PINOperation.framework",
				"${TARGET_BUILD_DIR}/${FRAMEWORKS_FOLDER_PATH}/SCSDKCoreKit.framework",
				"${TARGET_BUILD_DIR}/${FRAMEWORKS_FOLDER_PATH}/SCSDKCreativeKit.framework",
			);
			runOnlyForDeploymentPostprocessing = 0;
			shellPath = /bin/sh;
			shellScript = "\"${PODS_ROOT}/Target Support Files/Pods-Test/Pods-Test-frameworks.sh\"\n";
			showEnvVarsInLog = 0;
		};
/* End PBXShellScriptBuildPhase section */

/* Begin PBXSourcesBuildPhase section */
		F574A8A9228B259300E774DC /* Sources */ = {
			isa = PBXSourcesBuildPhase;
			buildActionMask = 2147483647;
			files = (
				F574A8B3228B259300E774DC /* ViewController.swift in Sources */,
				F574A8B1228B259300E774DC /* AppDelegate.swift in Sources */,
			);
			runOnlyForDeploymentPostprocessing = 0;
		};
		F574A8BD228B259700E774DC /* Sources */ = {
			isa = PBXSourcesBuildPhase;
			buildActionMask = 2147483647;
			files = (
				F574A8C6228B259700E774DC /* TestTests.swift in Sources */,
			);
			runOnlyForDeploymentPostprocessing = 0;
		};
		F574A8C8228B259700E774DC /* Sources */ = {
			isa = PBXSourcesBuildPhase;
			buildActionMask = 2147483647;
			files = (
				F574A8D1228B259700E774DC /* TestUITests.swift in Sources */,
			);
			runOnlyForDeploymentPostprocessing = 0;
		};
/* End PBXSourcesBuildPhase section */

/* Begin PBXTargetDependency section */
		F574A8C3228B259700E774DC /* PBXTargetDependency */ = {
			isa = PBXTargetDependency;
			target = F574A8AC228B259300E774DC /* Test */;
			targetProxy = F574A8C2228B259700E774DC /* PBXContainerItemProxy */;
		};
		F574A8CE228B259700E774DC /* PBXTargetDependency */ = {
			isa = PBXTargetDependency;
			target = F574A8AC228B259300E774DC /* Test */;
			targetProxy = F574A8CD228B259700E774DC /* PBXContainerItemProxy */;
		};
/* End PBXTargetDependency section */

/* Begin PBXVariantGroup section */
		F574A8B4228B259300E774DC /* Main.storyboard */ = {
			isa = PBXVariantGroup;
			children = (
				F574A8B5228B259300E774DC /* Base */,
			);
			name = Main.storyboard;
			sourceTree = "<group>";
		};
		F574A8B9228B259700E774DC /* LaunchScreen.storyboard */ = {
			isa = PBXVariantGroup;
			children = (
				F574A8BA228B259700E774DC /* Base */,
			);
			name = LaunchScreen.storyboard;
			sourceTree = "<group>";
		};
/* End PBXVariantGroup section */

/* Begin XCBuildConfiguration section */
		F574A8D3228B259700E774DC /* Debug */ = {
			isa = XCBuildConfiguration;
			buildSettings = {
				ALWAYS_SEARCH_USER_PATHS = NO;
				CLANG_ANALYZER_NONNULL = YES;
				CLANG_ANALYZER_NUMBER_OBJECT_CONVERSION = YES_AGGRESSIVE;
				CLANG_CXX_LANGUAGE_STANDARD = "gnu++14";
				CLANG_CXX_LIBRARY = "libc++";
				CLANG_ENABLE_MODULES = YES;
				CLANG_ENABLE_OBJC_ARC = YES;
				CLANG_ENABLE_OBJC_WEAK = YES;
				CLANG_WARN_BLOCK_CAPTURE_AUTORELEASING = YES;
				CLANG_WARN_BOOL_CONVERSION = YES;
				CLANG_WARN_COMMA = YES;
				CLANG_WARN_CONSTANT_CONVERSION = YES;
				CLANG_WARN_DEPRECATED_OBJC_IMPLEMENTATIONS = YES;
				CLANG_WARN_DIRECT_OBJC_ISA_USAGE = YES_ERROR;
				CLANG_WARN_DOCUMENTATION_COMMENTS = YES;
				CLANG_WARN_EMPTY_BODY = YES;
				CLANG_WARN_ENUM_CONVERSION = YES;
				CLANG_WARN_INFINITE_RECURSION = YES;
				CLANG_WARN_INT_CONVERSION = YES;
				CLANG_WARN_NON_LITERAL_NULL_CONVERSION = YES;
				CLANG_WARN_OBJC_IMPLICIT_RETAIN_SELF = YES;
				CLANG_WARN_OBJC_LITERAL_CONVERSION = YES;
				CLANG_WARN_OBJC_ROOT_CLASS = YES_ERROR;
				CLANG_WARN_RANGE_LOOP_ANALYSIS = YES;
				CLANG_WARN_STRICT_PROTOTYPES = YES;
				CLANG_WARN_SUSPICIOUS_MOVE = YES;
				CLANG_WARN_UNGUARDED_AVAILABILITY = YES_AGGRESSIVE;
				CLANG_WARN_UNREACHABLE_CODE = YES;
				CLANG_WARN__DUPLICATE_METHOD_MATCH = YES;
				CODE_SIGN_IDENTITY = "iPhone Developer";
				COPY_PHASE_STRIP = NO;
				DEBUG_INFORMATION_FORMAT = dwarf;
				ENABLE_STRICT_OBJC_MSGSEND = YES;
				ENABLE_TESTABILITY = YES;
				GCC_C_LANGUAGE_STANDARD = gnu11;
				GCC_DYNAMIC_NO_PIC = NO;
				GCC_NO_COMMON_BLOCKS = YES;
				GCC_OPTIMIZATION_LEVEL = 0;
				GCC_PREPROCESSOR_DEFINITIONS = (
					"DEBUG=1",
					"$(inherited)",
				);
				GCC_WARN_64_TO_32_BIT_CONVERSION = YES;
				GCC_WARN_ABOUT_RETURN_TYPE = YES_ERROR;
				GCC_WARN_UNDECLARED_SELECTOR = YES;
				GCC_WARN_UNINITIALIZED_AUTOS = YES_AGGRESSIVE;
				GCC_WARN_UNUSED_FUNCTION = YES;
				GCC_WARN_UNUSED_VARIABLE = YES;
				IPHONEOS_DEPLOYMENT_TARGET = 12.2;
				MTL_ENABLE_DEBUG_INFO = INCLUDE_SOURCE;
				MTL_FAST_MATH = YES;
				ONLY_ACTIVE_ARCH = YES;
				SDKROOT = iphoneos;
				SWIFT_ACTIVE_COMPILATION_CONDITIONS = DEBUG;
				SWIFT_OPTIMIZATION_LEVEL = "-Onone";
			};
			name = Debug;
		};
		F574A8D4228B259700E774DC /* Release */ = {
			isa = XCBuildConfiguration;
			buildSettings = {
				ALWAYS_SEARCH_USER_PATHS = NO;
				CLANG_ANALYZER_NONNULL = YES;
				CLANG_ANALYZER_NUMBER_OBJECT_CONVERSION = YES_AGGRESSIVE;
				CLANG_CXX_LANGUAGE_STANDARD = "gnu++14";
				CLANG_CXX_LIBRARY = "libc++";
				CLANG_ENABLE_MODULES = YES;
				CLANG_ENABLE_OBJC_ARC = YES;
				CLANG_ENABLE_OBJC_WEAK = YES;
				CLANG_WARN_BLOCK_CAPTURE_AUTORELEASING = YES;
				CLANG_WARN_BOOL_CONVERSION = YES;
				CLANG_WARN_COMMA = YES;
				CLANG_WARN_CONSTANT_CONVERSION = YES;
				CLANG_WARN_DEPRECATED_OBJC_IMPLEMENTATIONS = YES;
				CLANG_WARN_DIRECT_OBJC_ISA_USAGE = YES_ERROR;
				CLANG_WARN_DOCUMENTATION_COMMENTS = YES;
				CLANG_WARN_EMPTY_BODY = YES;
				CLANG_WARN_ENUM_CONVERSION = YES;
				CLANG_WARN_INFINITE_RECURSION = YES;
				CLANG_WARN_INT_CONVERSION = YES;
				CLANG_WARN_NON_LITERAL_NULL_CONVERSION = YES;
				CLANG_WARN_OBJC_IMPLICIT_RETAIN_SELF = YES;
				CLANG_WARN_OBJC_LITERAL_CONVERSION = YES;
				CLANG_WARN_OBJC_ROOT_CLASS = YES_ERROR;
				CLANG_WARN_RANGE_LOOP_ANALYSIS = YES;
				CLANG_WARN_STRICT_PROTOTYPES = YES;
				CLANG_WARN_SUSPICIOUS_MOVE = YES;
				CLANG_WARN_UNGUARDED_AVAILABILITY = YES_AGGRESSIVE;
				CLANG_WARN_UNREACHABLE_CODE = YES;
				CLANG_WARN__DUPLICATE_METHOD_MATCH = YES;
				CODE_SIGN_IDENTITY = "iPhone Developer";
				COPY_PHASE_STRIP = NO;
				DEBUG_INFORMATION_FORMAT = "dwarf-with-dsym";
				ENABLE_NS_ASSERTIONS = NO;
				ENABLE_STRICT_OBJC_MSGSEND = YES;
				GCC_C_LANGUAGE_STANDARD = gnu11;
				GCC_NO_COMMON_BLOCKS = YES;
				GCC_WARN_64_TO_32_BIT_CONVERSION = YES;
				GCC_WARN_ABOUT_RETURN_TYPE = YES_ERROR;
				GCC_WARN_UNDECLARED_SELECTOR = YES;
				GCC_WARN_UNINITIALIZED_AUTOS = YES_AGGRESSIVE;
				GCC_WARN_UNUSED_FUNCTION = YES;
				GCC_WARN_UNUSED_VARIABLE = YES;
				IPHONEOS_DEPLOYMENT_TARGET = 12.2;
				MTL_ENABLE_DEBUG_INFO = NO;
				MTL_FAST_MATH = YES;
				SDKROOT = iphoneos;
				SWIFT_COMPILATION_MODE = wholemodule;
				SWIFT_OPTIMIZATION_LEVEL = "-O";
				VALIDATE_PRODUCT = YES;
			};
			name = Release;
		};
		F574A8D6228B259700E774DC /* Debug */ = {
			isa = XCBuildConfiguration;
			baseConfigurationReference = 95DF61B33EA3A0A5D3DF7AAD /* Pods-Test.debug.xcconfig */;
			buildSettings = {
				ASSETCATALOG_COMPILER_APPICON_NAME = AppIcon;
				CODE_SIGN_STYLE = Automatic;
				DEVELOPMENT_TEAM = CL9BCMSW57;
				FRAMEWORK_SEARCH_PATHS = (
					"$(inherited)",
					"$(PROJECT_DIR)/Pods/SnapSDK",
				);
				INFOPLIST_FILE = Test/Info.plist;
				LD_RUNPATH_SEARCH_PATHS = (
					"$(inherited)",
					"@executable_path/Frameworks",
				);
				PRODUCT_BUNDLE_IDENTIFIER = "JEM.Snap-Creative";
				PRODUCT_NAME = "$(TARGET_NAME)";
				SWIFT_VERSION = 5.0;
				TARGETED_DEVICE_FAMILY = "1,2";
			};
			name = Debug;
		};
		F574A8D7228B259700E774DC /* Release */ = {
			isa = XCBuildConfiguration;
			baseConfigurationReference = 83E4CB3323D3AA3F59B5EA59 /* Pods-Test.release.xcconfig */;
			buildSettings = {
				ASSETCATALOG_COMPILER_APPICON_NAME = AppIcon;
				CODE_SIGN_STYLE = Automatic;
				DEVELOPMENT_TEAM = CL9BCMSW57;
				FRAMEWORK_SEARCH_PATHS = (
					"$(inherited)",
					"$(PROJECT_DIR)/Pods/SnapSDK",
				);
				INFOPLIST_FILE = Test/Info.plist;
				LD_RUNPATH_SEARCH_PATHS = (
					"$(inherited)",
					"@executable_path/Frameworks",
				);
				PRODUCT_BUNDLE_IDENTIFIER = "JEM.Snap-Creative";
				PRODUCT_NAME = "$(TARGET_NAME)";
				SWIFT_VERSION = 5.0;
				TARGETED_DEVICE_FAMILY = "1,2";
			};
			name = Release;
		};
		F574A8D9228B259700E774DC /* Debug */ = {
			isa = XCBuildConfiguration;
			baseConfigurationReference = 4822A4A77DEF24A4A19846F8 /* Pods-TestTests.debug.xcconfig */;
			buildSettings = {
				ALWAYS_EMBED_SWIFT_STANDARD_LIBRARIES = YES;
				BUNDLE_LOADER = "$(TEST_HOST)";
				CODE_SIGN_STYLE = Automatic;
				INFOPLIST_FILE = TestTests/Info.plist;
				LD_RUNPATH_SEARCH_PATHS = (
					"$(inherited)",
					"@executable_path/Frameworks",
					"@loader_path/Frameworks",
				);
				PRODUCT_BUNDLE_IDENTIFIER = "JEM.Snap-Creative.TestTests";
				PRODUCT_NAME = "$(TARGET_NAME)";
				SWIFT_VERSION = 5.0;
				TARGETED_DEVICE_FAMILY = "1,2";
				TEST_HOST = "$(BUILT_PRODUCTS_DIR)/Test.app/Test";
			};
			name = Debug;
		};
		F574A8DA228B259700E774DC /* Release */ = {
			isa = XCBuildConfiguration;
			baseConfigurationReference = 114897A48420D1B66C4577D6 /* Pods-TestTests.release.xcconfig */;
			buildSettings = {
				ALWAYS_EMBED_SWIFT_STANDARD_LIBRARIES = YES;
				BUNDLE_LOADER = "$(TEST_HOST)";
				CODE_SIGN_STYLE = Automatic;
				INFOPLIST_FILE = TestTests/Info.plist;
				LD_RUNPATH_SEARCH_PATHS = (
					"$(inherited)",
					"@executable_path/Frameworks",
					"@loader_path/Frameworks",
				);
				PRODUCT_BUNDLE_IDENTIFIER = "JEM.Snap-Creative.TestTests";
				PRODUCT_NAME = "$(TARGET_NAME)";
				SWIFT_VERSION = 5.0;
				TARGETED_DEVICE_FAMILY = "1,2";
				TEST_HOST = "$(BUILT_PRODUCTS_DIR)/Test.app/Test";
			};
			name = Release;
		};
		F574A8DC228B259700E774DC /* Debug */ = {
			isa = XCBuildConfiguration;
			baseConfigurationReference = ACAAF150B41FDD31815A49F1 /* Pods-TestUITests.debug.xcconfig */;
			buildSettings = {
				ALWAYS_EMBED_SWIFT_STANDARD_LIBRARIES = YES;
				CODE_SIGN_STYLE = Automatic;
				INFOPLIST_FILE = TestUITests/Info.plist;
				LD_RUNPATH_SEARCH_PATHS = (
					"$(inherited)",
					"@executable_path/Frameworks",
					"@loader_path/Frameworks",
				);
				PRODUCT_BUNDLE_IDENTIFIER = "JEM.Snap-Creative.TestUITests";
				PRODUCT_NAME = "$(TARGET_NAME)";
				SWIFT_VERSION = 5.0;
				TARGETED_DEVICE_FAMILY = "1,2";
				TEST_TARGET_NAME = Test;
			};
			name = Debug;
		};
		F574A8DD228B259700E774DC /* Release */ = {
			isa = XCBuildConfiguration;
			baseConfigurationReference = A170D5C188ACC0CE733685C3 /* Pods-TestUITests.release.xcconfig */;
			buildSettings = {
				ALWAYS_EMBED_SWIFT_STANDARD_LIBRARIES = YES;
				CODE_SIGN_STYLE = Automatic;
				INFOPLIST_FILE = TestUITests/Info.plist;
				LD_RUNPATH_SEARCH_PATHS = (
					"$(inherited)",
					"@executable_path/Frameworks",
					"@loader_path/Frameworks",
				);
				PRODUCT_BUNDLE_IDENTIFIER = "JEM.Snap-Creative.TestUITests";
				PRODUCT_NAME = "$(TARGET_NAME)";
				SWIFT_VERSION = 5.0;
				TARGETED_DEVICE_FAMILY = "1,2";
				TEST_TARGET_NAME = Test;
			};
			name = Release;
		};
/* End XCBuildConfiguration section */

/* Begin XCConfigurationList section */
		F574A8A8228B259300E774DC /* Build configuration list for PBXProject "Test" */ = {
			isa = XCConfigurationList;
			buildConfigurations = (
				F574A8D3228B259700E774DC /* Debug */,
				F574A8D4228B259700E774DC /* Release */,
			);
			defaultConfigurationIsVisible = 0;
			defaultConfigurationName = Release;
		};
		F574A8D5228B259700E774DC /* Build configuration list for PBXNativeTarget "Test" */ = {
			isa = XCConfigurationList;
			buildConfigurations = (
				F574A8D6228B259700E774DC /* Debug */,
				F574A8D7228B259700E774DC /* Release */,
			);
			defaultConfigurationIsVisible = 0;
			defaultConfigurationName = Release;
		};
		F574A8D8228B259700E774DC /* Build configuration list for PBXNativeTarget "TestTests" */ = {
			isa = XCConfigurationList;
			buildConfigurations = (
				F574A8D9228B259700E774DC /* Debug */,
				F574A8DA228B259700E774DC /* Release */,
			);
			defaultConfigurationIsVisible = 0;
			defaultConfigurationName = Release;
		};
		F574A8DB228B259700E774DC /* Build configuration list for PBXNativeTarget "TestUITests" */ = {
			isa = XCConfigurationList;
			buildConfigurations = (
				F574A8DC228B259700E774DC /* Debug */,
				F574A8DD228B259700E774DC /* Release */,
			);
			defaultConfigurationIsVisible = 0;
			defaultConfigurationName = Release;
		};
/* End XCConfigurationList section */
	};
	rootObject = F574A8A5228B259300E774DC /* Project object */;
}
